// !$*UTF8*$!
{
	archiveVersion = 1;
	classes = {
	};
	objectVersion = 56;
	objects = {

/* Begin PBXBuildFile section */
		04300FC92976DD5D0074CB3C /* StateAndDataFlowApp.swift in Sources */ = {isa = PBXBuildFile; fileRef = 04300FC82976DD5D0074CB3C /* StateAndDataFlowApp.swift */; };
		04300FCB2976DD5D0074CB3C /* TimerView.swift in Sources */ = {isa = PBXBuildFile; fileRef = 04300FCA2976DD5D0074CB3C /* TimerView.swift */; };
		04300FCD2976DD5E0074CB3C /* Assets.xcassets in Resources */ = {isa = PBXBuildFile; fileRef = 04300FCC2976DD5E0074CB3C /* Assets.xcassets */; };
		04300FD02976DD5E0074CB3C /* Preview Assets.xcassets in Resources */ = {isa = PBXBuildFile; fileRef = 04300FCF2976DD5E0074CB3C /* Preview Assets.xcassets */; };
		043BA5322986822500B31429 /* DataManager.swift in Sources */ = {isa = PBXBuildFile; fileRef = 043BA5312986822500B31429 /* DataManager.swift */; };
		043BA53729868D1600B31429 /* ButtonView.swift in Sources */ = {isa = PBXBuildFile; fileRef = 043BA53629868D1600B31429 /* ButtonView.swift */; };
		043BA53B29868F7D00B31429 /* ButtonAppearanceModifier.swift in Sources */ = {isa = PBXBuildFile; fileRef = 043BA53A29868F7D00B31429 /* ButtonAppearanceModifier.swift */; };
		04DE0B0F2985731F0011D7F1 /* TimeCounter.swift in Sources */ = {isa = PBXBuildFile; fileRef = 04DE0B0E2985731F0011D7F1 /* TimeCounter.swift */; };
		04DE0B1329857D1F0011D7F1 /* RegisterView.swift in Sources */ = {isa = PBXBuildFile; fileRef = 04DE0B1229857D1F0011D7F1 /* RegisterView.swift */; };
		04DE0B1529857E350011D7F1 /* UserManaget.swift in Sources */ = {isa = PBXBuildFile; fileRef = 04DE0B1429857E350011D7F1 /* UserManaget.swift */; };
		04DE0B172985808A0011D7F1 /* StarterView.swift in Sources */ = {isa = PBXBuildFile; fileRef = 04DE0B162985808A0011D7F1 /* StarterView.swift */; };
/* End PBXBuildFile section */

/* Begin PBXFileReference section */
		04300FC52976DD5D0074CB3C /* StateAndDataFlow.app */ = {isa = PBXFileReference; explicitFileType = wrapper.application; includeInIndex = 0; path = StateAndDataFlow.app; sourceTree = BUILT_PRODUCTS_DIR; };
		04300FC82976DD5D0074CB3C /* StateAndDataFlowApp.swift */ = {isa = PBXFileReference; lastKnownFileType = sourcecode.swift; path = StateAndDataFlowApp.swift; sourceTree = "<group>"; };
		04300FCA2976DD5D0074CB3C /* TimerView.swift */ = {isa = PBXFileReference; lastKnownFileType = sourcecode.swift; path = TimerView.swift; sourceTree = "<group>"; };
		04300FCC2976DD5E0074CB3C /* Assets.xcassets */ = {isa = PBXFileReference; lastKnownFileType = folder.assetcatalog; path = Assets.xcassets; sourceTree = "<group>"; };
		04300FCF2976DD5E0074CB3C /* Preview Assets.xcassets */ = {isa = PBXFileReference; lastKnownFileType = folder.assetcatalog; path = "Preview Assets.xcassets"; sourceTree = "<group>"; };
		043BA5312986822500B31429 /* DataManager.swift */ = {isa = PBXFileReference; lastKnownFileType = sourcecode.swift; path = DataManager.swift; sourceTree = "<group>"; };
		043BA53629868D1600B31429 /* ButtonView.swift */ = {isa = PBXFileReference; lastKnownFileType = sourcecode.swift; path = ButtonView.swift; sourceTree = "<group>"; };
		043BA53A29868F7D00B31429 /* ButtonAppearanceModifier.swift */ = {isa = PBXFileReference; lastKnownFileType = sourcecode.swift; path = ButtonAppearanceModifier.swift; sourceTree = "<group>"; };
		04DE0B0E2985731F0011D7F1 /* TimeCounter.swift */ = {isa = PBXFileReference; lastKnownFileType = sourcecode.swift; path = TimeCounter.swift; sourceTree = "<group>"; };
		04DE0B1229857D1F0011D7F1 /* RegisterView.swift */ = {isa = PBXFileReference; lastKnownFileType = sourcecode.swift; path = RegisterView.swift; sourceTree = "<group>"; };
		04DE0B1429857E350011D7F1 /* UserManaget.swift */ = {isa = PBXFileReference; lastKnownFileType = sourcecode.swift; path = UserManaget.swift; sourceTree = "<group>"; };
		04DE0B162985808A0011D7F1 /* StarterView.swift */ = {isa = PBXFileReference; lastKnownFileType = sourcecode.swift; path = StarterView.swift; sourceTree = "<group>"; };
/* End PBXFileReference section */

/* Begin PBXFrameworksBuildPhase section */
		04300FC22976DD5C0074CB3C /* Frameworks */ = {
			isa = PBXFrameworksBuildPhase;
			buildActionMask = 2147483647;
			files = (
			);
			runOnlyForDeploymentPostprocessing = 0;
		};
/* End PBXFrameworksBuildPhase section */

/* Begin PBXGroup section */
		04300FBC2976DD5C0074CB3C = {
			isa = PBXGroup;
			children = (
				04300FC72976DD5D0074CB3C /* StateAndDataFlow */,
				04300FC62976DD5D0074CB3C /* Products */,
			);
			sourceTree = "<group>";
		};
		04300FC62976DD5D0074CB3C /* Products */ = {
			isa = PBXGroup;
			children = (
				04300FC52976DD5D0074CB3C /* StateAndDataFlow.app */,
			);
			name = Products;
			sourceTree = "<group>";
		};
		04300FC72976DD5D0074CB3C /* StateAndDataFlow */ = {
			isa = PBXGroup;
			children = (
				043BA52E298676AB00B31429 /* App */,
				043BA52D298676A000B31429 /* Views */,
				043BA52C2986769000B31429 /* Services */,
				043BA530298676D500B31429 /* Resources */,
				04300FCE2976DD5E0074CB3C /* Preview Content */,
				043BA52F298676B500B31429 /* Modifiers */,
			);
			path = StateAndDataFlow;
			sourceTree = "<group>";
		};
		04300FCE2976DD5E0074CB3C /* Preview Content */ = {
			isa = PBXGroup;
			children = (
				04300FCF2976DD5E0074CB3C /* Preview Assets.xcassets */,
			);
			path = "Preview Content";
			sourceTree = "<group>";
		};
		043BA52C2986769000B31429 /* Services */ = {
			isa = PBXGroup;
			children = (
				04DE0B0E2985731F0011D7F1 /* TimeCounter.swift */,
				04DE0B1429857E350011D7F1 /* UserManaget.swift */,
				043BA5312986822500B31429 /* DataManager.swift */,
			);
			path = Services;
			sourceTree = "<group>";
		};
		043BA52D298676A000B31429 /* Views */ = {
			isa = PBXGroup;
			children = (
				04DE0B162985808A0011D7F1 /* StarterView.swift */,
				04DE0B1229857D1F0011D7F1 /* RegisterView.swift */,
				04300FCA2976DD5D0074CB3C /* TimerView.swift */,
				043BA53629868D1600B31429 /* ButtonView.swift */,
			);
			path = Views;
			sourceTree = "<group>";
		};
		043BA52E298676AB00B31429 /* App */ = {
			isa = PBXGroup;
			children = (
				04300FC82976DD5D0074CB3C /* StateAndDataFlowApp.swift */,
			);
			path = App;
			sourceTree = "<group>";
		};
		043BA52F298676B500B31429 /* Modifiers */ = {
			isa = PBXGroup;
			children = (
				043BA53A29868F7D00B31429 /* ButtonAppearanceModifier.swift */,
			);
			path = Modifiers;
			sourceTree = "<group>";
		};
		043BA530298676D500B31429 /* Resources */ = {
			isa = PBXGroup;
			children = (
				04300FCC2976DD5E0074CB3C /* Assets.xcassets */,
			);
			path = Resources;
			sourceTree = "<group>";
		};
/* End PBXGroup section */

/* Begin PBXNativeTarget section */
		04300FC42976DD5C0074CB3C /* StateAndDataFlow */ = {
			isa = PBXNativeTarget;
			buildConfigurationList = 04300FD32976DD5E0074CB3C /* Build configuration list for PBXNativeTarget "StateAndDataFlow" */;
			buildPhases = (
				04300FC12976DD5C0074CB3C /* Sources */,
				04300FC22976DD5C0074CB3C /* Frameworks */,
				04300FC32976DD5C0074CB3C /* Resources */,
			);
			buildRules = (
			);
			dependencies = (
			);
			name = StateAndDataFlow;
			productName = StateAndDataFlow;
			productReference = 04300FC52976DD5D0074CB3C /* StateAndDataFlow.app */;
			productType = "com.apple.product-type.application";
		};
/* End PBXNativeTarget section */

/* Begin PBXProject section */
		04300FBD2976DD5C0074CB3C /* Project object */ = {
			isa = PBXProject;
			attributes = {
				BuildIndependentTargetsInParallel = 1;
				LastSwiftUpdateCheck = 1410;
				LastUpgradeCheck = 1410;
				TargetAttributes = {
					04300FC42976DD5C0074CB3C = {
						CreatedOnToolsVersion = 14.1;
					};
				};
			};
			buildConfigurationList = 04300FC02976DD5C0074CB3C /* Build configuration list for PBXProject "StateAndDataFlow" */;
			compatibilityVersion = "Xcode 14.0";
			developmentRegion = en;
			hasScannedForEncodings = 0;
			knownRegions = (
				en,
				Base,
			);
			mainGroup = 04300FBC2976DD5C0074CB3C;
			productRefGroup = 04300FC62976DD5D0074CB3C /* Products */;
			projectDirPath = "";
			projectRoot = "";
			targets = (
				04300FC42976DD5C0074CB3C /* StateAndDataFlow */,
			);
		};
/* End PBXProject section */

/* Begin PBXResourcesBuildPhase section */
		04300FC32976DD5C0074CB3C /* Resources */ = {
			isa = PBXResourcesBuildPhase;
			buildActionMask = 2147483647;
			files = (
				04300FD02976DD5E0074CB3C /* Preview Assets.xcassets in Resources */,
				04300FCD2976DD5E0074CB3C /* Assets.xcassets in Resources */,
			);
			runOnlyForDeploymentPostprocessing = 0;
		};
/* End PBXResourcesBuildPhase section */

/* Begin PBXSourcesBuildPhase section */
		04300FC12976DD5C0074CB3C /* Sources */ = {
			isa = PBXSourcesBuildPhase;
			buildActionMask = 2147483647;
			files = (
				043BA53B29868F7D00B31429 /* ButtonAppearanceModifier.swift in Sources */,
				04DE0B0F2985731F0011D7F1 /* TimeCounter.swift in Sources */,
				04DE0B1329857D1F0011D7F1 /* RegisterView.swift in Sources */,
				043BA53729868D1600B31429 /* ButtonView.swift in Sources */,
				04DE0B172985808A0011D7F1 /* StarterView.swift in Sources */,
				04300FCB2976DD5D0074CB3C /* TimerView.swift in Sources */,
				04DE0B1529857E350011D7F1 /* UserManaget.swift in Sources */,
				043BA5322986822500B31429 /* DataManager.swift in Sources */,
				04300FC92976DD5D0074CB3C /* StateAndDataFlowApp.swift in Sources */,
			);
			runOnlyForDeploymentPostprocessing = 0;
		};
/* End PBXSourcesBuildPhase section */

/* Begin XCBuildConfiguration section */
		04300FD12976DD5E0074CB3C /* Debug */ = {
			isa = XCBuildConfiguration;
			buildSettings = {
				ALWAYS_SEARCH_USER_PATHS = NO;
				CLANG_ANALYZER_NONNULL = YES;
				CLANG_ANALYZER_NUMBER_OBJECT_CONVERSION = YES_AGGRESSIVE;
				CLANG_CXX_LANGUAGE_STANDARD = "gnu++20";
				CLANG_ENABLE_MODULES = YES;
				CLANG_ENABLE_OBJC_ARC = YES;
				CLANG_ENABLE_OBJC_WEAK = YES;
				CLANG_WARN_BLOCK_CAPTURE_AUTORELEASING = YES;
				CLANG_WARN_BOOL_CONVERSION = YES;
				CLANG_WARN_COMMA = YES;
				CLANG_WARN_CONSTANT_CONVERSION = YES;
				CLANG_WARN_DEPRECATED_OBJC_IMPLEMENTATIONS = YES;
				CLANG_WARN_DIRECT_OBJC_ISA_USAGE = YES_ERROR;
				CLANG_WARN_DOCUMENTATION_COMMENTS = YES;
				CLANG_WARN_EMPTY_BODY = YES;
				CLANG_WARN_ENUM_CONVERSION = YES;
				CLANG_WARN_INFINITE_RECURSION = YES;
				CLANG_WARN_INT_CONVERSION = YES;
				CLANG_WARN_NON_LITERAL_NULL_CONVERSION = YES;
				CLANG_WARN_OBJC_IMPLICIT_RETAIN_SELF = YES;
				CLANG_WARN_OBJC_LITERAL_CONVERSION = YES;
				CLANG_WARN_OBJC_ROOT_CLASS = YES_ERROR;
				CLANG_WARN_QUOTED_INCLUDE_IN_FRAMEWORK_HEADER = YES;
				CLANG_WARN_RANGE_LOOP_ANALYSIS = YES;
				CLANG_WARN_STRICT_PROTOTYPES = YES;
				CLANG_WARN_SUSPICIOUS_MOVE = YES;
				CLANG_WARN_UNGUARDED_AVAILABILITY = YES_AGGRESSIVE;
				CLANG_WARN_UNREACHABLE_CODE = YES;
				CLANG_WARN__DUPLICATE_METHOD_MATCH = YES;
				COPY_PHASE_STRIP = NO;
				DEBUG_INFORMATION_FORMAT = dwarf;
				ENABLE_STRICT_OBJC_MSGSEND = YES;
				ENABLE_TESTABILITY = YES;
				GCC_C_LANGUAGE_STANDARD = gnu11;
				GCC_DYNAMIC_NO_PIC = NO;
				GCC_NO_COMMON_BLOCKS = YES;
				GCC_OPTIMIZATION_LEVEL = 0;
				GCC_PREPROCESSOR_DEFINITIONS = (
					"DEBUG=1",
					"$(inherited)",
				);
				GCC_WARN_64_TO_32_BIT_CONVERSION = YES;
				GCC_WARN_ABOUT_RETURN_TYPE = YES_ERROR;
				GCC_WARN_UNDECLARED_SELECTOR = YES;
				GCC_WARN_UNINITIALIZED_AUTOS = YES_AGGRESSIVE;
				GCC_WARN_UNUSED_FUNCTION = YES;
				GCC_WARN_UNUSED_VARIABLE = YES;
				IPHONEOS_DEPLOYMENT_TARGET = 16.1;
				MTL_ENABLE_DEBUG_INFO = INCLUDE_SOURCE;
				MTL_FAST_MATH = YES;
				ONLY_ACTIVE_ARCH = YES;
				SDKROOT = iphoneos;
				SWIFT_ACTIVE_COMPILATION_CONDITIONS = DEBUG;
				SWIFT_OPTIMIZATION_LEVEL = "-Onone";
			};
			name = Debug;
		};
		04300FD22976DD5E0074CB3C /* Release */ = {
			isa = XCBuildConfiguration;
			buildSettings = {
				ALWAYS_SEARCH_USER_PATHS = NO;
				CLANG_ANALYZER_NONNULL = YES;
				CLANG_ANALYZER_NUMBER_OBJECT_CONVERSION = YES_AGGRESSIVE;
				CLANG_CXX_LANGUAGE_STANDARD = "gnu++20";
				CLANG_ENABLE_MODULES = YES;
				CLANG_ENABLE_OBJC_ARC = YES;
				CLANG_ENABLE_OBJC_WEAK = YES;
				CLANG_WARN_BLOCK_CAPTURE_AUTORELEASING = YES;
				CLANG_WARN_BOOL_CONVERSION = YES;
				CLANG_WARN_COMMA = YES;
				CLANG_WARN_CONSTANT_CONVERSION = YES;
				CLANG_WARN_DEPRECATED_OBJC_IMPLEMENTATIONS = YES;
				CLANG_WARN_DIRECT_OBJC_ISA_USAGE = YES_ERROR;
				CLANG_WARN_DOCUMENTATION_COMMENTS = YES;
				CLANG_WARN_EMPTY_BODY = YES;
				CLANG_WARN_ENUM_CONVERSION = YES;
				CLANG_WARN_INFINITE_RECURSION = YES;
				CLANG_WARN_INT_CONVERSION = YES;
				CLANG_WARN_NON_LITERAL_NULL_CONVERSION = YES;
				CLANG_WARN_OBJC_IMPLICIT_RETAIN_SELF = YES;
				CLANG_WARN_OBJC_LITERAL_CONVERSION = YES;
				CLANG_WARN_OBJC_ROOT_CLASS = YES_ERROR;
				CLANG_WARN_QUOTED_INCLUDE_IN_FRAMEWORK_HEADER = YES;
				CLANG_WARN_RANGE_LOOP_ANALYSIS = YES;
				CLANG_WARN_STRICT_PROTOTYPES = YES;
				CLANG_WARN_SUSPICIOUS_MOVE = YES;
				CLANG_WARN_UNGUARDED_AVAILABILITY = YES_AGGRESSIVE;
				CLANG_WARN_UNREACHABLE_CODE = YES;
				CLANG_WARN__DUPLICATE_METHOD_MATCH = YES;
				COPY_PHASE_STRIP = NO;
				DEBUG_INFORMATION_FORMAT = "dwarf-with-dsym";
				ENABLE_NS_ASSERTIONS = NO;
				ENABLE_STRICT_OBJC_MSGSEND = YES;
				GCC_C_LANGUAGE_STANDARD = gnu11;
				GCC_NO_COMMON_BLOCKS = YES;
				GCC_WARN_64_TO_32_BIT_CONVERSION = YES;
				GCC_WARN_ABOUT_RETURN_TYPE = YES_ERROR;
				GCC_WARN_UNDECLARED_SELECTOR = YES;
				GCC_WARN_UNINITIALIZED_AUTOS = YES_AGGRESSIVE;
				GCC_WARN_UNUSED_FUNCTION = YES;
				GCC_WARN_UNUSED_VARIABLE = YES;
				IPHONEOS_DEPLOYMENT_TARGET = 16.1;
				MTL_ENABLE_DEBUG_INFO = NO;
				MTL_FAST_MATH = YES;
				SDKROOT = iphoneos;
				SWIFT_COMPILATION_MODE = wholemodule;
				SWIFT_OPTIMIZATION_LEVEL = "-O";
				VALIDATE_PRODUCT = YES;
			};
			name = Release;
		};
		04300FD42976DD5E0074CB3C /* Debug */ = {
			isa = XCBuildConfiguration;
			buildSettings = {
				ASSETCATALOG_COMPILER_APPICON_NAME = AppIcon;
				ASSETCATALOG_COMPILER_GLOBAL_ACCENT_COLOR_NAME = AccentColor;
				CODE_SIGN_STYLE = Automatic;
				CURRENT_PROJECT_VERSION = 1;
				DEVELOPMENT_ASSET_PATHS = "\"StateAndDataFlow/Preview Content\"";
				ENABLE_PREVIEWS = YES;
				GENERATE_INFOPLIST_FILE = YES;
				INFOPLIST_KEY_UIApplicationSceneManifest_Generation = YES;
				INFOPLIST_KEY_UIApplicationSupportsIndirectInputEvents = YES;
				INFOPLIST_KEY_UILaunchScreen_Generation = YES;
				INFOPLIST_KEY_UISupportedInterfaceOrientations_iPad = "UIInterfaceOrientationPortrait UIInterfaceOrientationPortraitUpsideDown UIInterfaceOrientationLandscapeLeft UIInterfaceOrientationLandscapeRight";
				INFOPLIST_KEY_UISupportedInterfaceOrientations_iPhone = "UIInterfaceOrientationPortrait UIInterfaceOrientationLandscapeLeft UIInterfaceOrientationLandscapeRight";
				LD_RUNPATH_SEARCH_PATHS = (
					"$(inherited)",
					"@executable_path/Frameworks",
				);
				MARKETING_VERSION = 1.0;
				PRODUCT_BUNDLE_IDENTIFIER = "just-boogeyman.StateAndDataFlow";
				PRODUCT_NAME = "$(TARGET_NAME)";
				SWIFT_EMIT_LOC_STRINGS = YES;
				SWIFT_VERSION = 5.0;
				TARGETED_DEVICE_FAMILY = "1,2";
			};
			name = Debug;
		};
		04300FD52976DD5E0074CB3C /* Release */ = {
			isa = XCBuildConfiguration;
			buildSettings = {
				ASSETCATALOG_COMPILER_APPICON_NAME = AppIcon;
				ASSETCATALOG_COMPILER_GLOBAL_ACCENT_COLOR_NAME = AccentColor;
				CODE_SIGN_STYLE = Automatic;
				CURRENT_PROJECT_VERSION = 1;
				DEVELOPMENT_ASSET_PATHS = "\"StateAndDataFlow/Preview Content\"";
				ENABLE_PREVIEWS = YES;
				GENERATE_INFOPLIST_FILE = YES;
				INFOPLIST_KEY_UIApplicationSceneManifest_Generation = YES;
				INFOPLIST_KEY_UIApplicationSupportsIndirectInputEvents = YES;
				INFOPLIST_KEY_UILaunchScreen_Generation = YES;
				INFOPLIST_KEY_UISupportedInterfaceOrientations_iPad = "UIInterfaceOrientationPortrait UIInterfaceOrientationPortraitUpsideDown UIInterfaceOrientationLandscapeLeft UIInterfaceOrientationLandscapeRight";
				INFOPLIST_KEY_UISupportedInterfaceOrientations_iPhone = "UIInterfaceOrientationPortrait UIInterfaceOrientationLandscapeLeft UIInterfaceOrientationLandscapeRight";
				LD_RUNPATH_SEARCH_PATHS = (
					"$(inherited)",
					"@executable_path/Frameworks",
				);
				MARKETING_VERSION = 1.0;
				PRODUCT_BUNDLE_IDENTIFIER = "just-boogeyman.StateAndDataFlow";
				PRODUCT_NAME = "$(TARGET_NAME)";
				SWIFT_EMIT_LOC_STRINGS = YES;
				SWIFT_VERSION = 5.0;
				TARGETED_DEVICE_FAMILY = "1,2";
			};
			name = Release;
		};
/* End XCBuildConfiguration section */

/* Begin XCConfigurationList section */
		04300FC02976DD5C0074CB3C /* Build configuration list for PBXProject "StateAndDataFlow" */ = {
			isa = XCConfigurationList;
			buildConfigurations = (
				04300FD12976DD5E0074CB3C /* Debug */,
				04300FD22976DD5E0074CB3C /* Release */,
			);
			defaultConfigurationIsVisible = 0;
			defaultConfigurationName = Release;
		};
		04300FD32976DD5E0074CB3C /* Build configuration list for PBXNativeTarget "StateAndDataFlow" */ = {
			isa = XCConfigurationList;
			buildConfigurations = (
				04300FD42976DD5E0074CB3C /* Debug */,
				04300FD52976DD5E0074CB3C /* Release */,
			);
			defaultConfigurationIsVisible = 0;
			defaultConfigurationName = Release;
		};
/* End XCConfigurationList section */
	};
	rootObject = 04300FBD2976DD5C0074CB3C /* Project object */;
}
